
Microsoft Visual Studio Solution File, Format Version 12.00
# Visual Studio 15
VisualStudioVersion = 15.0.27130.2020
MinimumVisualStudioVersion = 10.0.40219.1
Project("{FAE04EC0-301F-11D3-BF4B-00C04F79EFBC}") = "Protoshop", "Protoshop\Protoshop.csproj", "{EEC34413-5D32-4AF8-838E-941A47B5E522}"
EndProject
Global
	GlobalSection(SolutionConfigurationPlatforms) = preSolution
		Debug|Any CPU = Debug|Any CPU
		Release|Any CPU = Release|Any CPU
	EndGlobalSection
	GlobalSection(ProjectConfigurationPlatforms) = postSolution
		{EEC34413-5D32-4AF8-838E-941A47B5E522}.Debug|Any CPU.ActiveCfg = Debug|Any CPU
		{EEC34413-5D32-4AF8-838E-941A47B5E522}.Debug|Any CPU.Build.0 = Debug|Any CPU
		{EEC34413-5D32-4AF8-838E-941A47B5E522}.Release|Any CPU.ActiveCfg = Release|Any CPU
		{EEC34413-5D32-4AF8-838E-941A47B5E522}.Release|Any CPU.Build.0 = Release|Any CPU
	EndGlobalSection
	GlobalSection(SolutionProperties) = preSolution
		HideSolutionNode = FALSE
	EndGlobalSection
	GlobalSection(ExtensibilityGlobals) = postSolution
		SolutionGuid = {62A5B6DB-9246-44D1-B372-69D1A11575EB}
	EndGlobalSection
EndGlobal
